
Microsoft Visual Studio Solution File, Format Version 12.00
# Visual Studio Version 16
VisualStudioVersion = 16.0.31112.23
MinimumVisualStudioVersion = 10.0.40219.1
Project("{FAE04EC0-301F-11D3-BF4B-00C04F79EFBC}") = "FilmApp", "FilmApp\FilmApp.csproj", "{BF2558E1-ED6E-4635-A447-3F52EA0118E1}"
EndProject
Global
	GlobalSection(SolutionConfigurationPlatforms) = preSolution
		Debug|Any CPU = Debug|Any CPU
		Release|Any CPU = Release|Any CPU
	EndGlobalSection
	GlobalSection(ProjectConfigurationPlatforms) = postSolution
		{BF2558E1-ED6E-4635-A447-3F52EA0118E1}.Debug|Any CPU.ActiveCfg = Debug|Any CPU
		{BF2558E1-ED6E-4635-A447-3F52EA0118E1}.Debug|Any CPU.Build.0 = Debug|Any CPU
		{BF2558E1-ED6E-4635-A447-3F52EA0118E1}.Release|Any CPU.ActiveCfg = Release|Any CPU
		{BF2558E1-ED6E-4635-A447-3F52EA0118E1}.Release|Any CPU.Build.0 = Release|Any CPU
	EndGlobalSection
	GlobalSection(SolutionProperties) = preSolution
		HideSolutionNode = FALSE
	EndGlobalSection
	GlobalSection(ExtensibilityGlobals) = postSolution
		SolutionGuid = {75F1D73F-D3BD-44A1-B620-26B02D222C0B}
	EndGlobalSection
EndGlobal
